
Microsoft Visual Studio Solution File, Format Version 12.00
# Visual Studio Version 17
VisualStudioVersion = 17.9.34902.65
MinimumVisualStudioVersion = 10.0.40219.1
Project("{FAE04EC0-301F-11D3-BF4B-00C04F79EFBC}") = "configApp", "configApp.csproj", "{4D74A47D-6AB8-4EE2-A305-DC6A8A3D808B}"
EndProject
Global
	GlobalSection(SolutionConfigurationPlatforms) = preSolution
		Debug|Any CPU = Debug|Any CPU
		Release|Any CPU = Release|Any CPU
	EndGlobalSection
	GlobalSection(ProjectConfigurationPlatforms) = postSolution
		{4D74A47D-6AB8-4EE2-A305-DC6A8A3D808B}.Debug|Any CPU.ActiveCfg = Debug|Any CPU
		{4D74A47D-6AB8-4EE2-A305-DC6A8A3D808B}.Debug|Any CPU.Build.0 = Debug|Any CPU
		{4D74A47D-6AB8-4EE2-A305-DC6A8A3D808B}.Release|Any CPU.ActiveCfg = Release|Any CPU
		{4D74A47D-6AB8-4EE2-A305-DC6A8A3D808B}.Release|Any CPU.Build.0 = Release|Any CPU
	EndGlobalSection
	GlobalSection(SolutionProperties) = preSolution
		HideSolutionNode = FALSE
	EndGlobalSection
	GlobalSection(ExtensibilityGlobals) = postSolution
		SolutionGuid = {C8B7D278-E98B-4FBF-8D39-5F5FAD3EF604}
	EndGlobalSection
EndGlobal
